// !$*UTF8*$!
{
	archiveVersion = 1;
	classes = {
	};
	objectVersion = 46;
	objects = {

/* Begin PBXBuildFile section */
		08D6FA541C95AC6100DB722B /* main.m in Sources */ = {isa = PBXBuildFile; fileRef = 08D6FA531C95AC6100DB722B /* main.m */; };
		08D6FA5C1C95AC6E00DB722B /* Rectangle.m in Sources */ = {isa = PBXBuildFile; fileRef = 08D6FA5B1C95AC6E00DB722B /* Rectangle.m */; };
		08D6FA5F1C95ACA800DB722B /* XYPoint.m in Sources */ = {isa = PBXBuildFile; fileRef = 08D6FA5E1C95ACA800DB722B /* XYPoint.m */; };
/* End PBXBuildFile section */

/* Begin PBXCopyFilesBuildPhase section */
		08D6FA4E1C95AC6100DB722B /* CopyFiles */ = {
			isa = PBXCopyFilesBuildPhase;
			buildActionMask = 2147483647;
			dstPath = /usr/share/man/man1/;
			dstSubfolderSpec = 0;
			files = (
			);
			runOnlyForDeploymentPostprocessing = 1;
		};
/* End PBXCopyFilesBuildPhase section */

/* Begin PBXFileReference section */
		08D6FA501C95AC6100DB722B /* hyd_test7 */ = {isa = PBXFileReference; explicitFileType = "compiled.mach-o.executable"; includeInIndex = 0; path = hyd_test7; sourceTree = BUILT_PRODUCTS_DIR; };
		08D6FA531C95AC6100DB722B /* main.m */ = {isa = PBXFileReference; lastKnownFileType = sourcecode.c.objc; path = main.m; sourceTree = "<group>"; };
		08D6FA5A1C95AC6E00DB722B /* Rectangle.h */ = {isa = PBXFileReference; fileEncoding = 4; lastKnownFileType = sourcecode.c.h; path = Rectangle.h; sourceTree = "<group>"; };
		08D6FA5B1C95AC6E00DB722B /* Rectangle.m */ = {isa = PBXFileReference; fileEncoding = 4; lastKnownFileType = sourcecode.c.objc; path = Rectangle.m; sourceTree = "<group>"; };
		08D6FA5D1C95ACA800DB722B /* XYPoint.h */ = {isa = PBXFileReference; fileEncoding = 4; lastKnownFileType = sourcecode.c.h; path = XYPoint.h; sourceTree = "<group>"; };
		08D6FA5E1C95ACA800DB722B /* XYPoint.m */ = {isa = PBXFileReference; fileEncoding = 4; lastKnownFileType = sourcecode.c.objc; path = XYPoint.m; sourceTree = "<group>"; };
/* End PBXFileReference section */

/* Begin PBXFrameworksBuildPhase section */
		08D6FA4D1C95AC6100DB722B /* Frameworks */ = {
			isa = PBXFrameworksBuildPhase;
			buildActionMask = 2147483647;
			files = (
			);
			runOnlyForDeploymentPostprocessing = 0;
		};
/* End PBXFrameworksBuildPhase section */

/* Begin PBXGroup section */
		08D6FA471C95AC6100DB722B = {
			isa = PBXGroup;
			children = (
				08D6FA521C95AC6100DB722B /* hyd_test7 */,
				08D6FA511C95AC6100DB722B /* Products */,
			);
			sourceTree = "<group>";
		};
		08D6FA511C95AC6100DB722B /* Products */ = {
			isa = PBXGroup;
			children = (
				08D6FA501C95AC6100DB722B /* hyd_test7 */,
			);
			name = Products;
			sourceTree = "<group>";
		};
		08D6FA521C95AC6100DB722B /* hyd_test7 */ = {
			isa = PBXGroup;
			children = (
				08D6FA531C95AC6100DB722B /* main.m */,
				08D6FA5A1C95AC6E00DB722B /* Rectangle.h */,
				08D6FA5B1C95AC6E00DB722B /* Rectangle.m */,
				08D6FA5D1C95ACA800DB722B /* XYPoint.h */,
				08D6FA5E1C95ACA800DB722B /* XYPoint.m */,
			);
			path = hyd_test7;
			sourceTree = "<group>";
		};
/* End PBXGroup section */

/* Begin PBXNativeTarget section */
		08D6FA4F1C95AC6100DB722B /* hyd_test7 */ = {
			isa = PBXNativeTarget;
			buildConfigurationList = 08D6FA571C95AC6100DB722B /* Build configuration list for PBXNativeTarget "hyd_test7" */;
			buildPhases = (
				08D6FA4C1C95AC6100DB722B /* Sources */,
				08D6FA4D1C95AC6100DB722B /* Frameworks */,
				08D6FA4E1C95AC6100DB722B /* CopyFiles */,
			);
			buildRules = (
			);
			dependencies = (
			);
			name = hyd_test7;
			productName = hyd_test7;
			productReference = 08D6FA501C95AC6100DB722B /* hyd_test7 */;
			productType = "com.apple.product-type.tool";
		};
/* End PBXNativeTarget section */

/* Begin PBXProject section */
		08D6FA481C95AC6100DB722B /* Project object */ = {
			isa = PBXProject;
			attributes = {
				LastUpgradeCheck = 0720;
				ORGANIZATIONNAME = hongyandong;
				TargetAttributes = {
					08D6FA4F1C95AC6100DB722B = {
						CreatedOnToolsVersion = 7.2.1;
					};
				};
			};
			buildConfigurationList = 08D6FA4B1C95AC6100DB722B /* Build configuration list for PBXProject "hyd_test7" */;
			compatibilityVersion = "Xcode 3.2";
			developmentRegion = English;
			hasScannedForEncodings = 0;
			knownRegions = (
				en,
			);
			mainGroup = 08D6FA471C95AC6100DB722B;
			productRefGroup = 08D6FA511C95AC6100DB722B /* Products */;
			projectDirPath = "";
			projectRoot = "";
			targets = (
				08D6FA4F1C95AC6100DB722B /* hyd_test7 */,
			);
		};
/* End PBXProject section */

/* Begin PBXSourcesBuildPhase section */
		08D6FA4C1C95AC6100DB722B /* Sources */ = {
			isa = PBXSourcesBuildPhase;
			buildActionMask = 2147483647;
			files = (
				08D6FA541C95AC6100DB722B /* main.m in Sources */,
				08D6FA5F1C95ACA800DB722B /* XYPoint.m in Sources */,
				08D6FA5C1C95AC6E00DB722B /* Rectangle.m in Sources */,
			);
			runOnlyForDeploymentPostprocessing = 0;
		};
/* End PBXSourcesBuildPhase section */

/* Begin XCBuildConfiguration section */
		08D6FA551C95AC6100DB722B /* Debug */ = {
			isa = XCBuildConfiguration;
			buildSettings = {
				ALWAYS_SEARCH_USER_PATHS = NO;
				CLANG_CXX_LANGUAGE_STANDARD = "gnu++0x";
				CLANG_CXX_LIBRARY = "libc++";
				CLANG_ENABLE_MODULES = YES;
				CLANG_ENABLE_OBJC_ARC = YES;
				CLANG_WARN_BOOL_CONVERSION = YES;
				CLANG_WARN_CONSTANT_CONVERSION = YES;
				CLANG_WARN_DIRECT_OBJC_ISA_USAGE = YES_ERROR;
				CLANG_WARN_EMPTY_BODY = YES;
				CLANG_WARN_ENUM_CONVERSION = YES;
				CLANG_WARN_INT_CONVERSION = YES;
				CLANG_WARN_OBJC_ROOT_CLASS = YES_ERROR;
				CLANG_WARN_UNREACHABLE_CODE = YES;
				CLANG_WARN__DUPLICATE_METHOD_MATCH = YES;
				CODE_SIGN_IDENTITY = "-";
				COPY_PHASE_STRIP = NO;
				DEBUG_INFORMATION_FORMAT = dwarf;
				ENABLE_STRICT_OBJC_MSGSEND = YES;
				ENABLE_TESTABILITY = YES;
				GCC_C_LANGUAGE_STANDARD = gnu99;
				GCC_DYNAMIC_NO_PIC = NO;
				GCC_NO_COMMON_BLOCKS = YES;
				GCC_OPTIMIZATION_LEVEL = 0;
				GCC_PREPROCESSOR_DEFINITIONS = (
					"DEBUG=1",
					"$(inherited)",
				);
				GCC_WARN_64_TO_32_BIT_CONVERSION = YES;
				GCC_WARN_ABOUT_RETURN_TYPE = YES_ERROR;
				GCC_WARN_UNDECLARED_SELECTOR = YES;
				GCC_WARN_UNINITIALIZED_AUTOS = YES_AGGRESSIVE;
				GCC_WARN_UNUSED_FUNCTION = YES;
				GCC_WARN_UNUSED_VARIABLE = YES;
				MACOSX_DEPLOYMENT_TARGET = 10.11;
				MTL_ENABLE_DEBUG_INFO = YES;
				ONLY_ACTIVE_ARCH = YES;
				SDKROOT = macosx;
			};
			name = Debug;
		};
		08D6FA561C95AC6100DB722B /* Release */ = {
			isa = XCBuildConfiguration;
			buildSettings = {
				ALWAYS_SEARCH_USER_PATHS = NO;
				CLANG_CXX_LANGUAGE_STANDARD = "gnu++0x";
				CLANG_CXX_LIBRARY = "libc++";
				CLANG_ENABLE_MODULES = YES;
				CLANG_ENABLE_OBJC_ARC = YES;
				CLANG_WARN_BOOL_CONVERSION = YES;
				CLANG_WARN_CONSTANT_CONVERSION = YES;
				CLANG_WARN_DIRECT_OBJC_ISA_USAGE = YES_ERROR;
				CLANG_WARN_EMPTY_BODY = YES;
				CLANG_WARN_ENUM_CONVERSION = YES;
				CLANG_WARN_INT_CONVERSION = YES;
				CLANG_WARN_OBJC_ROOT_CLASS = YES_ERROR;
				CLANG_WARN_UNREACHABLE_CODE = YES;
				CLANG_WARN__DUPLICATE_METHOD_MATCH = YES;
				CODE_SIGN_IDENTITY = "-";
				COPY_PHASE_STRIP = NO;
				DEBUG_INFORMATION_FORMAT = "dwarf-with-dsym";
				ENABLE_NS_ASSERTIONS = NO;
				ENABLE_STRICT_OBJC_MSGSEND = YES;
				GCC_C_LANGUAGE_STANDARD = gnu99;
				GCC_NO_COMMON_BLOCKS = YES;
				GCC_WARN_64_TO_32_BIT_CONVERSION = YES;
				GCC_WARN_ABOUT_RETURN_TYPE = YES_ERROR;
				GCC_WARN_UNDECLARED_SELECTOR = YES;
				GCC_WARN_UNINITIALIZED_AUTOS = YES_AGGRESSIVE;
				GCC_WARN_UNUSED_FUNCTION = YES;
				GCC_WARN_UNUSED_VARIABLE = YES;
				MACOSX_DEPLOYMENT_TARGET = 10.11;
				MTL_ENABLE_DEBUG_INFO = NO;
				SDKROOT = macosx;
			};
			name = Release;
		};
		08D6FA581C95AC6100DB722B /* Debug */ = {
			isa = XCBuildConfiguration;
			buildSettings = {
				PRODUCT_NAME = "$(TARGET_NAME)";
			};
			name = Debug;
		};
		08D6FA591C95AC6100DB722B /* Release */ = {
			isa = XCBuildConfiguration;
			buildSettings = {
				PRODUCT_NAME = "$(TARGET_NAME)";
			};
			name = Release;
		};
/* End XCBuildConfiguration section */

/* Begin XCConfigurationList section */
		08D6FA4B1C95AC6100DB722B /* Build configuration list for PBXProject "hyd_test7" */ = {
			isa = XCConfigurationList;
			buildConfigurations = (
				08D6FA551C95AC6100DB722B /* Debug */,
				08D6FA561C95AC6100DB722B /* Release */,
			);
			defaultConfigurationIsVisible = 0;
			defaultConfigurationName = Release;
		};
		08D6FA571C95AC6100DB722B /* Build configuration list for PBXNativeTarget "hyd_test7" */ = {
			isa = XCConfigurationList;
			buildConfigurations = (
				08D6FA581C95AC6100DB722B /* Debug */,
				08D6FA591C95AC6100DB722B /* Release */,
			);
			defaultConfigurationIsVisible = 0;
		};
/* End XCConfigurationList section */
	};
	rootObject = 08D6FA481C95AC6100DB722B /* Project object */;
}
