// !$*UTF8*$!
{
	archiveVersion = 1;
	classes = {
	};
	objectVersion = 46;
	objects = {

/* Begin PBXBuildFile section */
		08D6FA191C95A05300DB722B /* main.m in Sources */ = {isa = PBXBuildFile; fileRef = 08D6FA181C95A05300DB722B /* main.m */; };
		08D6FA211C95A06B00DB722B /* GraphicObject.m in Sources */ = {isa = PBXBuildFile; fileRef = 08D6FA201C95A06B00DB722B /* GraphicObject.m */; };
		08D6FA241C95A0FA00DB722B /* Rectangle.m in Sources */ = {isa = PBXBuildFile; fileRef = 08D6FA231C95A0FA00DB722B /* Rectangle.m */; };
		08D6FA271C95A24600DB722B /* Circle.m in Sources */ = {isa = PBXBuildFile; fileRef = 08D6FA261C95A24600DB722B /* Circle.m */; };
		08D6FA2A1C95A3DC00DB722B /* Triangle.m in Sources */ = {isa = PBXBuildFile; fileRef = 08D6FA291C95A3DC00DB722B /* Triangle.m */; };
/* End PBXBuildFile section */

/* Begin PBXCopyFilesBuildPhase section */
		08D6FA131C95A05300DB722B /* CopyFiles */ = {
			isa = PBXCopyFilesBuildPhase;
			buildActionMask = 2147483647;
			dstPath = /usr/share/man/man1/;
			dstSubfolderSpec = 0;
			files = (
			);
			runOnlyForDeploymentPostprocessing = 1;
		};
/* End PBXCopyFilesBuildPhase section */

/* Begin PBXFileReference section */
		08D6FA151C95A05300DB722B /* hyd_test5 */ = {isa = PBXFileReference; explicitFileType = "compiled.mach-o.executable"; includeInIndex = 0; path = hyd_test5; sourceTree = BUILT_PRODUCTS_DIR; };
		08D6FA181C95A05300DB722B /* main.m */ = {isa = PBXFileReference; lastKnownFileType = sourcecode.c.objc; path = main.m; sourceTree = "<group>"; };
		08D6FA1F1C95A06B00DB722B /* GraphicObject.h */ = {isa = PBXFileReference; fileEncoding = 4; lastKnownFileType = sourcecode.c.h; path = GraphicObject.h; sourceTree = "<group>"; };
		08D6FA201C95A06B00DB722B /* GraphicObject.m */ = {isa = PBXFileReference; fileEncoding = 4; lastKnownFileType = sourcecode.c.objc; path = GraphicObject.m; sourceTree = "<group>"; };
		08D6FA221C95A0FA00DB722B /* Rectangle.h */ = {isa = PBXFileReference; fileEncoding = 4; lastKnownFileType = sourcecode.c.h; path = Rectangle.h; sourceTree = "<group>"; };
		08D6FA231C95A0FA00DB722B /* Rectangle.m */ = {isa = PBXFileReference; fileEncoding = 4; lastKnownFileType = sourcecode.c.objc; path = Rectangle.m; sourceTree = "<group>"; };
		08D6FA251C95A24600DB722B /* Circle.h */ = {isa = PBXFileReference; fileEncoding = 4; lastKnownFileType = sourcecode.c.h; path = Circle.h; sourceTree = "<group>"; };
		08D6FA261C95A24600DB722B /* Circle.m */ = {isa = PBXFileReference; fileEncoding = 4; lastKnownFileType = sourcecode.c.objc; path = Circle.m; sourceTree = "<group>"; };
		08D6FA281C95A3DC00DB722B /* Triangle.h */ = {isa = PBXFileReference; fileEncoding = 4; lastKnownFileType = sourcecode.c.h; path = Triangle.h; sourceTree = "<group>"; };
		08D6FA291C95A3DC00DB722B /* Triangle.m */ = {isa = PBXFileReference; fileEncoding = 4; lastKnownFileType = sourcecode.c.objc; path = Triangle.m; sourceTree = "<group>"; };
/* End PBXFileReference section */

/* Begin PBXFrameworksBuildPhase section */
		08D6FA121C95A05300DB722B /* Frameworks */ = {
			isa = PBXFrameworksBuildPhase;
			buildActionMask = 2147483647;
			files = (
			);
			runOnlyForDeploymentPostprocessing = 0;
		};
/* End PBXFrameworksBuildPhase section */

/* Begin PBXGroup section */
		08D6FA0C1C95A05300DB722B = {
			isa = PBXGroup;
			children = (
				08D6FA171C95A05300DB722B /* hyd_test5 */,
				08D6FA161C95A05300DB722B /* Products */,
			);
			sourceTree = "<group>";
		};
		08D6FA161C95A05300DB722B /* Products */ = {
			isa = PBXGroup;
			children = (
				08D6FA151C95A05300DB722B /* hyd_test5 */,
			);
			name = Products;
			sourceTree = "<group>";
		};
		08D6FA171C95A05300DB722B /* hyd_test5 */ = {
			isa = PBXGroup;
			children = (
				08D6FA181C95A05300DB722B /* main.m */,
				08D6FA1F1C95A06B00DB722B /* GraphicObject.h */,
				08D6FA201C95A06B00DB722B /* GraphicObject.m */,
				08D6FA221C95A0FA00DB722B /* Rectangle.h */,
				08D6FA231C95A0FA00DB722B /* Rectangle.m */,
				08D6FA251C95A24600DB722B /* Circle.h */,
				08D6FA261C95A24600DB722B /* Circle.m */,
				08D6FA281C95A3DC00DB722B /* Triangle.h */,
				08D6FA291C95A3DC00DB722B /* Triangle.m */,
			);
			path = hyd_test5;
			sourceTree = "<group>";
		};
/* End PBXGroup section */

/* Begin PBXNativeTarget section */
		08D6FA141C95A05300DB722B /* hyd_test5 */ = {
			isa = PBXNativeTarget;
			buildConfigurationList = 08D6FA1C1C95A05300DB722B /* Build configuration list for PBXNativeTarget "hyd_test5" */;
			buildPhases = (
				08D6FA111C95A05300DB722B /* Sources */,
				08D6FA121C95A05300DB722B /* Frameworks */,
				08D6FA131C95A05300DB722B /* CopyFiles */,
			);
			buildRules = (
			);
			dependencies = (
			);
			name = hyd_test5;
			productName = hyd_test5;
			productReference = 08D6FA151C95A05300DB722B /* hyd_test5 */;
			productType = "com.apple.product-type.tool";
		};
/* End PBXNativeTarget section */

/* Begin PBXProject section */
		08D6FA0D1C95A05300DB722B /* Project object */ = {
			isa = PBXProject;
			attributes = {
				LastUpgradeCheck = 0720;
				ORGANIZATIONNAME = hongyandong;
				TargetAttributes = {
					08D6FA141C95A05300DB722B = {
						CreatedOnToolsVersion = 7.2.1;
					};
				};
			};
			buildConfigurationList = 08D6FA101C95A05300DB722B /* Build configuration list for PBXProject "hyd_test5" */;
			compatibilityVersion = "Xcode 3.2";
			developmentRegion = English;
			hasScannedForEncodings = 0;
			knownRegions = (
				en,
			);
			mainGroup = 08D6FA0C1C95A05300DB722B;
			productRefGroup = 08D6FA161C95A05300DB722B /* Products */;
			projectDirPath = "";
			projectRoot = "";
			targets = (
				08D6FA141C95A05300DB722B /* hyd_test5 */,
			);
		};
/* End PBXProject section */

/* Begin PBXSourcesBuildPhase section */
		08D6FA111C95A05300DB722B /* Sources */ = {
			isa = PBXSourcesBuildPhase;
			buildActionMask = 2147483647;
			files = (
				08D6FA2A1C95A3DC00DB722B /* Triangle.m in Sources */,
				08D6FA191C95A05300DB722B /* main.m in Sources */,
				08D6FA271C95A24600DB722B /* Circle.m in Sources */,
				08D6FA211C95A06B00DB722B /* GraphicObject.m in Sources */,
				08D6FA241C95A0FA00DB722B /* Rectangle.m in Sources */,
			);
			runOnlyForDeploymentPostprocessing = 0;
		};
/* End PBXSourcesBuildPhase section */

/* Begin XCBuildConfiguration section */
		08D6FA1A1C95A05300DB722B /* Debug */ = {
			isa = XCBuildConfiguration;
			buildSettings = {
				ALWAYS_SEARCH_USER_PATHS = NO;
				CLANG_CXX_LANGUAGE_STANDARD = "gnu++0x";
				CLANG_CXX_LIBRARY = "libc++";
				CLANG_ENABLE_MODULES = YES;
				CLANG_ENABLE_OBJC_ARC = YES;
				CLANG_WARN_BOOL_CONVERSION = YES;
				CLANG_WARN_CONSTANT_CONVERSION = YES;
				CLANG_WARN_DIRECT_OBJC_ISA_USAGE = YES_ERROR;
				CLANG_WARN_EMPTY_BODY = YES;
				CLANG_WARN_ENUM_CONVERSION = YES;
				CLANG_WARN_INT_CONVERSION = YES;
				CLANG_WARN_OBJC_ROOT_CLASS = YES_ERROR;
				CLANG_WARN_UNREACHABLE_CODE = YES;
				CLANG_WARN__DUPLICATE_METHOD_MATCH = YES;
				CODE_SIGN_IDENTITY = "-";
				COPY_PHASE_STRIP = NO;
				DEBUG_INFORMATION_FORMAT = dwarf;
				ENABLE_STRICT_OBJC_MSGSEND = YES;
				ENABLE_TESTABILITY = YES;
				GCC_C_LANGUAGE_STANDARD = gnu99;
				GCC_DYNAMIC_NO_PIC = NO;
				GCC_NO_COMMON_BLOCKS = YES;
				GCC_OPTIMIZATION_LEVEL = 0;
				GCC_PREPROCESSOR_DEFINITIONS = (
					"DEBUG=1",
					"$(inherited)",
				);
				GCC_WARN_64_TO_32_BIT_CONVERSION = YES;
				GCC_WARN_ABOUT_RETURN_TYPE = YES_ERROR;
				GCC_WARN_UNDECLARED_SELECTOR = YES;
				GCC_WARN_UNINITIALIZED_AUTOS = YES_AGGRESSIVE;
				GCC_WARN_UNUSED_FUNCTION = YES;
				GCC_WARN_UNUSED_VARIABLE = YES;
				MACOSX_DEPLOYMENT_TARGET = 10.11;
				MTL_ENABLE_DEBUG_INFO = YES;
				ONLY_ACTIVE_ARCH = YES;
				SDKROOT = macosx;
			};
			name = Debug;
		};
		08D6FA1B1C95A05300DB722B /* Release */ = {
			isa = XCBuildConfiguration;
			buildSettings = {
				ALWAYS_SEARCH_USER_PATHS = NO;
				CLANG_CXX_LANGUAGE_STANDARD = "gnu++0x";
				CLANG_CXX_LIBRARY = "libc++";
				CLANG_ENABLE_MODULES = YES;
				CLANG_ENABLE_OBJC_ARC = YES;
				CLANG_WARN_BOOL_CONVERSION = YES;
				CLANG_WARN_CONSTANT_CONVERSION = YES;
				CLANG_WARN_DIRECT_OBJC_ISA_USAGE = YES_ERROR;
				CLANG_WARN_EMPTY_BODY = YES;
				CLANG_WARN_ENUM_CONVERSION = YES;
				CLANG_WARN_INT_CONVERSION = YES;
				CLANG_WARN_OBJC_ROOT_CLASS = YES_ERROR;
				CLANG_WARN_UNREACHABLE_CODE = YES;
				CLANG_WARN__DUPLICATE_METHOD_MATCH = YES;
				CODE_SIGN_IDENTITY = "-";
				COPY_PHASE_STRIP = NO;
				DEBUG_INFORMATION_FORMAT = "dwarf-with-dsym";
				ENABLE_NS_ASSERTIONS = NO;
				ENABLE_STRICT_OBJC_MSGSEND = YES;
				GCC_C_LANGUAGE_STANDARD = gnu99;
				GCC_NO_COMMON_BLOCKS = YES;
				GCC_WARN_64_TO_32_BIT_CONVERSION = YES;
				GCC_WARN_ABOUT_RETURN_TYPE = YES_ERROR;
				GCC_WARN_UNDECLARED_SELECTOR = YES;
				GCC_WARN_UNINITIALIZED_AUTOS = YES_AGGRESSIVE;
				GCC_WARN_UNUSED_FUNCTION = YES;
				GCC_WARN_UNUSED_VARIABLE = YES;
				MACOSX_DEPLOYMENT_TARGET = 10.11;
				MTL_ENABLE_DEBUG_INFO = NO;
				SDKROOT = macosx;
			};
			name = Release;
		};
		08D6FA1D1C95A05300DB722B /* Debug */ = {
			isa = XCBuildConfiguration;
			buildSettings = {
				PRODUCT_NAME = "$(TARGET_NAME)";
			};
			name = Debug;
		};
		08D6FA1E1C95A05300DB722B /* Release */ = {
			isa = XCBuildConfiguration;
			buildSettings = {
				PRODUCT_NAME = "$(TARGET_NAME)";
			};
			name = Release;
		};
/* End XCBuildConfiguration section */

/* Begin XCConfigurationList section */
		08D6FA101C95A05300DB722B /* Build configuration list for PBXProject "hyd_test5" */ = {
			isa = XCConfigurationList;
			buildConfigurations = (
				08D6FA1A1C95A05300DB722B /* Debug */,
				08D6FA1B1C95A05300DB722B /* Release */,
			);
			defaultConfigurationIsVisible = 0;
			defaultConfigurationName = Release;
		};
		08D6FA1C1C95A05300DB722B /* Build configuration list for PBXNativeTarget "hyd_test5" */ = {
			isa = XCConfigurationList;
			buildConfigurations = (
				08D6FA1D1C95A05300DB722B /* Debug */,
				08D6FA1E1C95A05300DB722B /* Release */,
			);
			defaultConfigurationIsVisible = 0;
		};
/* End XCConfigurationList section */
	};
	rootObject = 08D6FA0D1C95A05300DB722B /* Project object */;
}
